
Microsoft Visual Studio Solution File, Format Version 12.00
# Visual Studio Version 17
VisualStudioVersion = 17.9.34728.123
MinimumVisualStudioVersion = 10.0.40219.1
Project("{9A19103F-16F7-4668-BE54-9A1E7A4F7556}") = "BlazorApp", "BlazorApp.csproj", "{30F5B22C-58E2-4D27-83BE-85578AD7A997}"
EndProject
Global
	GlobalSection(SolutionConfigurationPlatforms) = preSolution
		Debug|Any CPU = Debug|Any CPU
		Release|Any CPU = Release|Any CPU
	EndGlobalSection
	GlobalSection(ProjectConfigurationPlatforms) = postSolution
		{30F5B22C-58E2-4D27-83BE-85578AD7A997}.Debug|Any CPU.ActiveCfg = Debug|Any CPU
		{30F5B22C-58E2-4D27-83BE-85578AD7A997}.Debug|Any CPU.Build.0 = Debug|Any CPU
		{30F5B22C-58E2-4D27-83BE-85578AD7A997}.Release|Any CPU.ActiveCfg = Release|Any CPU
		{30F5B22C-58E2-4D27-83BE-85578AD7A997}.Release|Any CPU.Build.0 = Release|Any CPU
	EndGlobalSection
	GlobalSection(SolutionProperties) = preSolution
		HideSolutionNode = FALSE
	EndGlobalSection
	GlobalSection(ExtensibilityGlobals) = postSolution
		SolutionGuid = {3010517A-BC0B-4B7B-8726-83E2FC6A3232}
	EndGlobalSection
EndGlobal
