
Microsoft Visual Studio Solution File, Format Version 12.00
# Visual Studio Version 17
VisualStudioVersion = 17.5.002.0
MinimumVisualStudioVersion = 10.0.40219.1
Project("{9A19103F-16F7-4668-BE54-9A1E7A4F7556}") = "BlazingPizza", "BlazingPizza.csproj", "{8832676B-7342-4196-A13C-7647731CA260}"
EndProject
Global
	GlobalSection(SolutionConfigurationPlatforms) = preSolution
		Debug|Any CPU = Debug|Any CPU
		Release|Any CPU = Release|Any CPU
	EndGlobalSection
	GlobalSection(ProjectConfigurationPlatforms) = postSolution
		{8832676B-7342-4196-A13C-7647731CA260}.Debug|Any CPU.ActiveCfg = Debug|Any CPU
		{8832676B-7342-4196-A13C-7647731CA260}.Debug|Any CPU.Build.0 = Debug|Any CPU
		{8832676B-7342-4196-A13C-7647731CA260}.Release|Any CPU.ActiveCfg = Release|Any CPU
		{8832676B-7342-4196-A13C-7647731CA260}.Release|Any CPU.Build.0 = Release|Any CPU
	EndGlobalSection
	GlobalSection(SolutionProperties) = preSolution
		HideSolutionNode = FALSE
	EndGlobalSection
	GlobalSection(ExtensibilityGlobals) = postSolution
		SolutionGuid = {B7D47AB8-45E0-4AE9-B977-49C61EBF03AD}
	EndGlobalSection
EndGlobal
